// !$*UTF8*$!
{
	archiveVersion = 1;
	classes = {
	};
	objectVersion = 46;
	objects = {

/* Begin PBXBuildFile section */
		3852BA93193C118400BA5418 /* UIKit.framework in Frameworks */ = {isa = PBXBuildFile; fileRef = 3852BA92193C118400BA5418 /* UIKit.framework */; };
		3852BA95193C118400BA5418 /* Foundation.framework in Frameworks */ = {isa = PBXBuildFile; fileRef = 3852BA94193C118400BA5418 /* Foundation.framework */; };
		3852BA97193C118400BA5418 /* CoreGraphics.framework in Frameworks */ = {isa = PBXBuildFile; fileRef = 3852BA96193C118400BA5418 /* CoreGraphics.framework */; };
		3852BA9D193C118400BA5418 /* InfoPlist.strings in Resources */ = {isa = PBXBuildFile; fileRef = 3852BA9B193C118400BA5418 /* InfoPlist.strings */; };
		3852BA9F193C118400BA5418 /* main.m in Sources */ = {isa = PBXBuildFile; fileRef = 3852BA9E193C118400BA5418 /* main.m */; };
		3852BAA3193C118400BA5418 /* AppDelegate.m in Sources */ = {isa = PBXBuildFile; fileRef = 3852BAA2193C118400BA5418 /* AppDelegate.m */; };
		3852BAA5193C118400BA5418 /* Default.png in Resources */ = {isa = PBXBuildFile; fileRef = 3852BAA4193C118400BA5418 /* Default.png */; };
		3852BAA7193C118400BA5418 /* Default@2x.png in Resources */ = {isa = PBXBuildFile; fileRef = 3852BAA6193C118400BA5418 /* Default@2x.png */; };
		3852BAA9193C118400BA5418 /* Default-568h@2x.png in Resources */ = {isa = PBXBuildFile; fileRef = 3852BAA8193C118400BA5418 /* Default-568h@2x.png */; };
/* End PBXBuildFile section */

/* Begin PBXFileReference section */
		3852BA8F193C118400BA5418 /* 自定义tabbar.app */ = {isa = PBXFileReference; explicitFileType = wrapper.application; includeInIndex = 0; path = "自定义tabbar.app"; sourceTree = BUILT_PRODUCTS_DIR; };
		3852BA92193C118400BA5418 /* UIKit.framework */ = {isa = PBXFileReference; lastKnownFileType = wrapper.framework; name = UIKit.framework; path = System/Library/Frameworks/UIKit.framework; sourceTree = SDKROOT; };
		3852BA94193C118400BA5418 /* Foundation.framework */ = {isa = PBXFileReference; lastKnownFileType = wrapper.framework; name = Foundation.framework; path = System/Library/Frameworks/Foundation.framework; sourceTree = SDKROOT; };
		3852BA96193C118400BA5418 /* CoreGraphics.framework */ = {isa = PBXFileReference; lastKnownFileType = wrapper.framework; name = CoreGraphics.framework; path = System/Library/Frameworks/CoreGraphics.framework; sourceTree = SDKROOT; };
		3852BA9A193C118400BA5418 /* 自定义tabbar-Info.plist */ = {isa = PBXFileReference; lastKnownFileType = text.plist.xml; path = "自定义tabbar-Info.plist"; sourceTree = "<group>"; };
		3852BA9C193C118400BA5418 /* en */ = {isa = PBXFileReference; lastKnownFileType = text.plist.strings; name = en; path = en.lproj/InfoPlist.strings; sourceTree = "<group>"; };
		3852BA9E193C118400BA5418 /* main.m */ = {isa = PBXFileReference; lastKnownFileType = sourcecode.c.objc; path = main.m; sourceTree = "<group>"; };
		3852BAA0193C118400BA5418 /* 自定义tabbar-Prefix.pch */ = {isa = PBXFileReference; lastKnownFileType = sourcecode.c.h; path = "自定义tabbar-Prefix.pch"; sourceTree = "<group>"; };
		3852BAA1193C118400BA5418 /* AppDelegate.h */ = {isa = PBXFileReference; lastKnownFileType = sourcecode.c.h; path = AppDelegate.h; sourceTree = "<group>"; };
		3852BAA2193C118400BA5418 /* AppDelegate.m */ = {isa = PBXFileReference; lastKnownFileType = sourcecode.c.objc; path = AppDelegate.m; sourceTree = "<group>"; };
		3852BAA4193C118400BA5418 /* Default.png */ = {isa = PBXFileReference; lastKnownFileType = image.png; path = Default.png; sourceTree = "<group>"; };
		3852BAA6193C118400BA5418 /* Default@2x.png */ = {isa = PBXFileReference; lastKnownFileType = image.png; path = "Default@2x.png"; sourceTree = "<group>"; };
		3852BAA8193C118400BA5418 /* Default-568h@2x.png */ = {isa = PBXFileReference; lastKnownFileType = image.png; path = "Default-568h@2x.png"; sourceTree = "<group>"; };
/* End PBXFileReference section */

/* Begin PBXFrameworksBuildPhase section */
		3852BA8C193C118400BA5418 /* Frameworks */ = {
			isa = PBXFrameworksBuildPhase;
			buildActionMask = 2147483647;
			files = (
				3852BA93193C118400BA5418 /* UIKit.framework in Frameworks */,
				3852BA95193C118400BA5418 /* Foundation.framework in Frameworks */,
				3852BA97193C118400BA5418 /* CoreGraphics.framework in Frameworks */,
			);
			runOnlyForDeploymentPostprocessing = 0;
		};
/* End PBXFrameworksBuildPhase section */

/* Begin PBXGroup section */
		3852BA86193C118400BA5418 = {
			isa = PBXGroup;
			children = (
				3852BA98193C118400BA5418 /* 自定义tabbar */,
				3852BA91193C118400BA5418 /* Frameworks */,
				3852BA90193C118400BA5418 /* Products */,
			);
			sourceTree = "<group>";
		};
		3852BA90193C118400BA5418 /* Products */ = {
			isa = PBXGroup;
			children = (
				3852BA8F193C118400BA5418 /* 自定义tabbar.app */,
			);
			name = Products;
			sourceTree = "<group>";
		};
		3852BA91193C118400BA5418 /* Frameworks */ = {
			isa = PBXGroup;
			children = (
				3852BA92193C118400BA5418 /* UIKit.framework */,
				3852BA94193C118400BA5418 /* Foundation.framework */,
				3852BA96193C118400BA5418 /* CoreGraphics.framework */,
			);
			name = Frameworks;
			sourceTree = "<group>";
		};
		3852BA98193C118400BA5418 /* 自定义tabbar */ = {
			isa = PBXGroup;
			children = (
				3852BAA1193C118400BA5418 /* AppDelegate.h */,
				3852BAA2193C118400BA5418 /* AppDelegate.m */,
				3852BA99193C118400BA5418 /* Supporting Files */,
			);
			path = "自定义tabbar";
			sourceTree = "<group>";
		};
		3852BA99193C118400BA5418 /* Supporting Files */ = {
			isa = PBXGroup;
			children = (
				3852BA9A193C118400BA5418 /* 自定义tabbar-Info.plist */,
				3852BA9B193C118400BA5418 /* InfoPlist.strings */,
				3852BA9E193C118400BA5418 /* main.m */,
				3852BAA0193C118400BA5418 /* 自定义tabbar-Prefix.pch */,
				3852BAA4193C118400BA5418 /* Default.png */,
				3852BAA6193C118400BA5418 /* Default@2x.png */,
				3852BAA8193C118400BA5418 /* Default-568h@2x.png */,
			);
			name = "Supporting Files";
			sourceTree = "<group>";
		};
/* End PBXGroup section */

/* Begin PBXNativeTarget section */
		3852BA8E193C118400BA5418 /* 自定义tabbar */ = {
			isa = PBXNativeTarget;
			buildConfigurationList = 3852BAAC193C118400BA5418 /* Build configuration list for PBXNativeTarget "自定义tabbar" */;
			buildPhases = (
				3852BA8B193C118400BA5418 /* Sources */,
				3852BA8C193C118400BA5418 /* Frameworks */,
				3852BA8D193C118400BA5418 /* Resources */,
			);
			buildRules = (
			);
			dependencies = (
			);
			name = "自定义tabbar";
			productName = "自定义tabbar";
			productReference = 3852BA8F193C118400BA5418 /* 自定义tabbar.app */;
			productType = "com.apple.product-type.application";
		};
/* End PBXNativeTarget section */

/* Begin PBXProject section */
		3852BA87193C118400BA5418 /* Project object */ = {
			isa = PBXProject;
			attributes = {
				LastUpgradeCheck = 0460;
				ORGANIZATIONNAME = "铁山";
			};
			buildConfigurationList = 3852BA8A193C118400BA5418 /* Build configuration list for PBXProject "自定义tabbar" */;
			compatibilityVersion = "Xcode 3.2";
			developmentRegion = English;
			hasScannedForEncodings = 0;
			knownRegions = (
				en,
			);
			mainGroup = 3852BA86193C118400BA5418;
			productRefGroup = 3852BA90193C118400BA5418 /* Products */;
			projectDirPath = "";
			projectRoot = "";
			targets = (
				3852BA8E193C118400BA5418 /* 自定义tabbar */,
			);
		};
/* End PBXProject section */

/* Begin PBXResourcesBuildPhase section */
		3852BA8D193C118400BA5418 /* Resources */ = {
			isa = PBXResourcesBuildPhase;
			buildActionMask = 2147483647;
			files = (
				3852BA9D193C118400BA5418 /* InfoPlist.strings in Resources */,
				3852BAA5193C118400BA5418 /* Default.png in Resources */,
				3852BAA7193C118400BA5418 /* Default@2x.png in Resources */,
				3852BAA9193C118400BA5418 /* Default-568h@2x.png in Resources */,
			);
			runOnlyForDeploymentPostprocessing = 0;
		};
/* End PBXResourcesBuildPhase section */

/* Begin PBXSourcesBuildPhase section */
		3852BA8B193C118400BA5418 /* Sources */ = {
			isa = PBXSourcesBuildPhase;
			buildActionMask = 2147483647;
			files = (
				3852BA9F193C118400BA5418 /* main.m in Sources */,
				3852BAA3193C118400BA5418 /* AppDelegate.m in Sources */,
			);
			runOnlyForDeploymentPostprocessing = 0;
		};
/* End PBXSourcesBuildPhase section */

/* Begin PBXVariantGroup section */
		3852BA9B193C118400BA5418 /* InfoPlist.strings */ = {
			isa = PBXVariantGroup;
			children = (
				3852BA9C193C118400BA5418 /* en */,
			);
			name = InfoPlist.strings;
			sourceTree = "<group>";
		};
/* End PBXVariantGroup section */

/* Begin XCBuildConfiguration section */
		3852BAAA193C118400BA5418 /* Debug */ = {
			isa = XCBuildConfiguration;
			buildSettings = {
				ALWAYS_SEARCH_USER_PATHS = NO;
				CLANG_CXX_LANGUAGE_STANDARD = "gnu++0x";
				CLANG_CXX_LIBRARY = "libc++";
				CLANG_WARN_CONSTANT_CONVERSION = YES;
				CLANG_WARN_EMPTY_BODY = YES;
				CLANG_WARN_ENUM_CONVERSION = YES;
				CLANG_WARN_INT_CONVERSION = YES;
				CLANG_WARN__DUPLICATE_METHOD_MATCH = YES;
				"CODE_SIGN_IDENTITY[sdk=iphoneos*]" = "iPhone Developer";
				COPY_PHASE_STRIP = NO;
				GCC_C_LANGUAGE_STANDARD = gnu99;
				GCC_DYNAMIC_NO_PIC = NO;
				GCC_OPTIMIZATION_LEVEL = 0;
				GCC_PREPROCESSOR_DEFINITIONS = (
					"DEBUG=1",
					"$(inherited)",
				);
				GCC_SYMBOLS_PRIVATE_EXTERN = NO;
				GCC_WARN_ABOUT_RETURN_TYPE = YES;
				GCC_WARN_UNINITIALIZED_AUTOS = YES;
				GCC_WARN_UNUSED_VARIABLE = YES;
				IPHONEOS_DEPLOYMENT_TARGET = 6.1;
				ONLY_ACTIVE_ARCH = YES;
				SDKROOT = iphoneos;
			};
			name = Debug;
		};
		3852BAAB193C118400BA5418 /* Release */ = {
			isa = XCBuildConfiguration;
			buildSettings = {
				ALWAYS_SEARCH_USER_PATHS = NO;
				CLANG_CXX_LANGUAGE_STANDARD = "gnu++0x";
				CLANG_CXX_LIBRARY = "libc++";
				CLANG_WARN_CONSTANT_CONVERSION = YES;
				CLANG_WARN_EMPTY_BODY = YES;
				CLANG_WARN_ENUM_CONVERSION = YES;
				CLANG_WARN_INT_CONVERSION = YES;
				CLANG_WARN__DUPLICATE_METHOD_MATCH = YES;
				"CODE_SIGN_IDENTITY[sdk=iphoneos*]" = "iPhone Developer";
				COPY_PHASE_STRIP = YES;
				GCC_C_LANGUAGE_STANDARD = gnu99;
				GCC_WARN_ABOUT_RETURN_TYPE = YES;
				GCC_WARN_UNINITIALIZED_AUTOS = YES;
				GCC_WARN_UNUSED_VARIABLE = YES;
				IPHONEOS_DEPLOYMENT_TARGET = 6.1;
				OTHER_CFLAGS = "-DNS_BLOCK_ASSERTIONS=1";
				SDKROOT = iphoneos;
				VALIDATE_PRODUCT = YES;
			};
			name = Release;
		};
		3852BAAD193C118400BA5418 /* Debug */ = {
			isa = XCBuildConfiguration;
			buildSettings = {
				GCC_PRECOMPILE_PREFIX_HEADER = YES;
				GCC_PREFIX_HEADER = "自定义tabbar/自定义tabbar-Prefix.pch";
				INFOPLIST_FILE = "自定义tabbar/自定义tabbar-Info.plist";
				PRODUCT_NAME = "$(TARGET_NAME)";
				WRAPPER_EXTENSION = app;
			};
			name = Debug;
		};
		3852BAAE193C118400BA5418 /* Release */ = {
			isa = XCBuildConfiguration;
			buildSettings = {
				GCC_PRECOMPILE_PREFIX_HEADER = YES;
				GCC_PREFIX_HEADER = "自定义tabbar/自定义tabbar-Prefix.pch";
				INFOPLIST_FILE = "自定义tabbar/自定义tabbar-Info.plist";
				PRODUCT_NAME = "$(TARGET_NAME)";
				WRAPPER_EXTENSION = app;
			};
			name = Release;
		};
/* End XCBuildConfiguration section */

/* Begin XCConfigurationList section */
		3852BA8A193C118400BA5418 /* Build configuration list for PBXProject "自定义tabbar" */ = {
			isa = XCConfigurationList;
			buildConfigurations = (
				3852BAAA193C118400BA5418 /* Debug */,
				3852BAAB193C118400BA5418 /* Release */,
			);
			defaultConfigurationIsVisible = 0;
			defaultConfigurationName = Release;
		};
		3852BAAC193C118400BA5418 /* Build configuration list for PBXNativeTarget "自定义tabbar" */ = {
			isa = XCConfigurationList;
			buildConfigurations = (
				3852BAAD193C118400BA5418 /* Debug */,
				3852BAAE193C118400BA5418 /* Release */,
			);
			defaultConfigurationIsVisible = 0;
		};
/* End XCConfigurationList section */
	};
	rootObject = 3852BA87193C118400BA5418 /* Project object */;
}
